
Microsoft Visual Studio Solution File, Format Version 12.00
# Visual Studio 14
VisualStudioVersion = 14.0.25420.1
MinimumVisualStudioVersion = 10.0.40219.1
Project("{FAE04EC0-301F-11D3-BF4B-00C04F79EFBC}") = "Bai3-DNS-Client", "Bai3-DNS-Client\Bai3-DNS-Client.csproj", "{0C193492-8ED2-4DA4-964C-DC1EF999CF28}"
EndProject
Project("{FAE04EC0-301F-11D3-BF4B-00C04F79EFBC}") = "Bai3-DNS-Server", "Bai3-DNS-Server\Bai3-DNS-Server.csproj", "{D7F74D3B-30C6-4024-A192-A64AD4417856}"
EndProject
Global
	GlobalSection(SolutionConfigurationPlatforms) = preSolution
		Debug|Any CPU = Debug|Any CPU
		Release|Any CPU = Release|Any CPU
	EndGlobalSection
	GlobalSection(ProjectConfigurationPlatforms) = postSolution
		{0C193492-8ED2-4DA4-964C-DC1EF999CF28}.Debug|Any CPU.ActiveCfg = Debug|Any CPU
		{0C193492-8ED2-4DA4-964C-DC1EF999CF28}.Debug|Any CPU.Build.0 = Debug|Any CPU
		{0C193492-8ED2-4DA4-964C-DC1EF999CF28}.Release|Any CPU.ActiveCfg = Release|Any CPU
		{0C193492-8ED2-4DA4-964C-DC1EF999CF28}.Release|Any CPU.Build.0 = Release|Any CPU
		{D7F74D3B-30C6-4024-A192-A64AD4417856}.Debug|Any CPU.ActiveCfg = Debug|Any CPU
		{D7F74D3B-30C6-4024-A192-A64AD4417856}.Debug|Any CPU.Build.0 = Debug|Any CPU
		{D7F74D3B-30C6-4024-A192-A64AD4417856}.Release|Any CPU.ActiveCfg = Release|Any CPU
		{D7F74D3B-30C6-4024-A192-A64AD4417856}.Release|Any CPU.Build.0 = Release|Any CPU
	EndGlobalSection
	GlobalSection(SolutionProperties) = preSolution
		HideSolutionNode = FALSE
	EndGlobalSection
EndGlobal
